
Microsoft Visual Studio Solution File, Format Version 12.00
# Visual Studio Version 16
VisualStudioVersion = 16.0.31005.135
MinimumVisualStudioVersion = 10.0.40219.1
Project("{9A19103F-16F7-4668-BE54-9A1E7A4F7556}") = "P01_Person", "P01_Person\P01_Person.csproj", "{6C053891-F050-4404-9F0C-1F54E0A879C2}"
EndProject
Project("{9A19103F-16F7-4668-BE54-9A1E7A4F7556}") = "P02_Zoo", "P02_Zoo\P02_Zoo.csproj", "{D72A7D43-8B5D-44D3-AA00-4017B117D3E3}"
EndProject
Project("{9A19103F-16F7-4668-BE54-9A1E7A4F7556}") = "P03_Players and Monsters", "P03_Players and Monsters\P03_Players and Monsters.csproj", "{43B7537D-EEC3-465F-B921-57EB7E1865BF}"
EndProject
Project("{FAE04EC0-301F-11D3-BF4B-00C04F79EFBC}") = "P04_Need for Speed", "P04_Need for Speed\P04_Need for Speed.csproj", "{054FFD66-A403-4D97-8772-2CB5EE3368C5}"
EndProject
Global
	GlobalSection(SolutionConfigurationPlatforms) = preSolution
		Debug|Any CPU = Debug|Any CPU
		Release|Any CPU = Release|Any CPU
	EndGlobalSection
	GlobalSection(ProjectConfigurationPlatforms) = postSolution
		{6C053891-F050-4404-9F0C-1F54E0A879C2}.Debug|Any CPU.ActiveCfg = Debug|Any CPU
		{6C053891-F050-4404-9F0C-1F54E0A879C2}.Debug|Any CPU.Build.0 = Debug|Any CPU
		{6C053891-F050-4404-9F0C-1F54E0A879C2}.Release|Any CPU.ActiveCfg = Release|Any CPU
		{6C053891-F050-4404-9F0C-1F54E0A879C2}.Release|Any CPU.Build.0 = Release|Any CPU
		{D72A7D43-8B5D-44D3-AA00-4017B117D3E3}.Debug|Any CPU.ActiveCfg = Debug|Any CPU
		{D72A7D43-8B5D-44D3-AA00-4017B117D3E3}.Debug|Any CPU.Build.0 = Debug|Any CPU
		{D72A7D43-8B5D-44D3-AA00-4017B117D3E3}.Release|Any CPU.ActiveCfg = Release|Any CPU
		{D72A7D43-8B5D-44D3-AA00-4017B117D3E3}.Release|Any CPU.Build.0 = Release|Any CPU
		{43B7537D-EEC3-465F-B921-57EB7E1865BF}.Debug|Any CPU.ActiveCfg = Debug|Any CPU
		{43B7537D-EEC3-465F-B921-57EB7E1865BF}.Debug|Any CPU.Build.0 = Debug|Any CPU
		{43B7537D-EEC3-465F-B921-57EB7E1865BF}.Release|Any CPU.ActiveCfg = Release|Any CPU
		{43B7537D-EEC3-465F-B921-57EB7E1865BF}.Release|Any CPU.Build.0 = Release|Any CPU
		{054FFD66-A403-4D97-8772-2CB5EE3368C5}.Debug|Any CPU.ActiveCfg = Debug|Any CPU
		{054FFD66-A403-4D97-8772-2CB5EE3368C5}.Debug|Any CPU.Build.0 = Debug|Any CPU
		{054FFD66-A403-4D97-8772-2CB5EE3368C5}.Release|Any CPU.ActiveCfg = Release|Any CPU
		{054FFD66-A403-4D97-8772-2CB5EE3368C5}.Release|Any CPU.Build.0 = Release|Any CPU
	EndGlobalSection
	GlobalSection(SolutionProperties) = preSolution
		HideSolutionNode = FALSE
	EndGlobalSection
	GlobalSection(ExtensibilityGlobals) = postSolution
		SolutionGuid = {50BB8E41-B40C-4123-81A4-4E13409C87A2}
	EndGlobalSection
EndGlobal
