
Microsoft Visual Studio Solution File, Format Version 12.00
# Visual Studio Version 16
VisualStudioVersion = 16.0.31424.327
MinimumVisualStudioVersion = 10.0.40219.1
Project("{FAE04EC0-301F-11D3-BF4B-00C04F79EFBC}") = "01_LibraryApp", "01_LibraryApp\01_LibraryApp.csproj", "{559AC8EF-45E5-40E5-9982-BA7F5EAF082F}"
EndProject
Global
	GlobalSection(SolutionConfigurationPlatforms) = preSolution
		Debug|Any CPU = Debug|Any CPU
		Release|Any CPU = Release|Any CPU
	EndGlobalSection
	GlobalSection(ProjectConfigurationPlatforms) = postSolution
		{559AC8EF-45E5-40E5-9982-BA7F5EAF082F}.Debug|Any CPU.ActiveCfg = Debug|Any CPU
		{559AC8EF-45E5-40E5-9982-BA7F5EAF082F}.Debug|Any CPU.Build.0 = Debug|Any CPU
		{559AC8EF-45E5-40E5-9982-BA7F5EAF082F}.Release|Any CPU.ActiveCfg = Release|Any CPU
		{559AC8EF-45E5-40E5-9982-BA7F5EAF082F}.Release|Any CPU.Build.0 = Release|Any CPU
	EndGlobalSection
	GlobalSection(SolutionProperties) = preSolution
		HideSolutionNode = FALSE
	EndGlobalSection
	GlobalSection(ExtensibilityGlobals) = postSolution
		SolutionGuid = {A6CE79B8-A4E8-4183-9302-AC8544E4F6D2}
	EndGlobalSection
EndGlobal
