
Microsoft Visual Studio Solution File, Format Version 12.00
# Visual Studio Version 16
VisualStudioVersion = 16.0.31424.327
MinimumVisualStudioVersion = 10.0.40219.1
Project("{FAE04EC0-301F-11D3-BF4B-00C04F79EFBC}") = "P01_CardsGame", "P01_CardsGame\P01_CardsGame.csproj", "{0544F555-78F7-420A-910D-B4D7FF05BF8E}"
EndProject
Global
	GlobalSection(SolutionConfigurationPlatforms) = preSolution
		Debug|Any CPU = Debug|Any CPU
		Release|Any CPU = Release|Any CPU
	EndGlobalSection
	GlobalSection(ProjectConfigurationPlatforms) = postSolution
		{0544F555-78F7-420A-910D-B4D7FF05BF8E}.Debug|Any CPU.ActiveCfg = Debug|Any CPU
		{0544F555-78F7-420A-910D-B4D7FF05BF8E}.Debug|Any CPU.Build.0 = Debug|Any CPU
		{0544F555-78F7-420A-910D-B4D7FF05BF8E}.Release|Any CPU.ActiveCfg = Release|Any CPU
		{0544F555-78F7-420A-910D-B4D7FF05BF8E}.Release|Any CPU.Build.0 = Release|Any CPU
	EndGlobalSection
	GlobalSection(SolutionProperties) = preSolution
		HideSolutionNode = FALSE
	EndGlobalSection
	GlobalSection(ExtensibilityGlobals) = postSolution
		SolutionGuid = {A9E51C67-F5AF-4B55-B3F6-C4F7A9D8DD6B}
	EndGlobalSection
EndGlobal
