
Microsoft Visual Studio Solution File, Format Version 12.00
# Visual Studio Version 16
VisualStudioVersion = 16.0.31424.327
MinimumVisualStudioVersion = 10.0.40219.1
Project("{9A19103F-16F7-4668-BE54-9A1E7A4F7556}") = "P01_Adapter", "P01_Adapter\P01_Adapter.csproj", "{7FD2453E-7071-4171-AD96-26F501D2D38A}"
EndProject
Project("{FAE04EC0-301F-11D3-BF4B-00C04F79EFBC}") = "P02_Bridge", "P02_Bridge\P02_Bridge.csproj", "{A944BB53-A9BB-414A-9791-0886DEF1459D}"
EndProject
Global
	GlobalSection(SolutionConfigurationPlatforms) = preSolution
		Debug|Any CPU = Debug|Any CPU
		Release|Any CPU = Release|Any CPU
	EndGlobalSection
	GlobalSection(ProjectConfigurationPlatforms) = postSolution
		{7FD2453E-7071-4171-AD96-26F501D2D38A}.Debug|Any CPU.ActiveCfg = Debug|Any CPU
		{7FD2453E-7071-4171-AD96-26F501D2D38A}.Debug|Any CPU.Build.0 = Debug|Any CPU
		{7FD2453E-7071-4171-AD96-26F501D2D38A}.Release|Any CPU.ActiveCfg = Release|Any CPU
		{7FD2453E-7071-4171-AD96-26F501D2D38A}.Release|Any CPU.Build.0 = Release|Any CPU
		{A944BB53-A9BB-414A-9791-0886DEF1459D}.Debug|Any CPU.ActiveCfg = Debug|Any CPU
		{A944BB53-A9BB-414A-9791-0886DEF1459D}.Debug|Any CPU.Build.0 = Debug|Any CPU
		{A944BB53-A9BB-414A-9791-0886DEF1459D}.Release|Any CPU.ActiveCfg = Release|Any CPU
		{A944BB53-A9BB-414A-9791-0886DEF1459D}.Release|Any CPU.Build.0 = Release|Any CPU
	EndGlobalSection
	GlobalSection(SolutionProperties) = preSolution
		HideSolutionNode = FALSE
	EndGlobalSection
	GlobalSection(ExtensibilityGlobals) = postSolution
		SolutionGuid = {5948FDDE-BAD5-4749-ACC9-2E875521750B}
	EndGlobalSection
EndGlobal
