
Microsoft Visual Studio Solution File, Format Version 12.00
# Visual Studio Version 16
VisualStudioVersion = 16.0.31624.102
MinimumVisualStudioVersion = 10.0.40219.1
Project("{FAE04EC0-301F-11D3-BF4B-00C04F79EFBC}") = "Problem", "Problem\Problem.csproj", "{DADF2256-F94B-42AC-ACAF-A8B925A3F23B}"
EndProject
Global
	GlobalSection(SolutionConfigurationPlatforms) = preSolution
		Debug|Any CPU = Debug|Any CPU
		Release|Any CPU = Release|Any CPU
	EndGlobalSection
	GlobalSection(ProjectConfigurationPlatforms) = postSolution
		{DADF2256-F94B-42AC-ACAF-A8B925A3F23B}.Debug|Any CPU.ActiveCfg = Debug|Any CPU
		{DADF2256-F94B-42AC-ACAF-A8B925A3F23B}.Debug|Any CPU.Build.0 = Debug|Any CPU
		{DADF2256-F94B-42AC-ACAF-A8B925A3F23B}.Release|Any CPU.ActiveCfg = Release|Any CPU
		{DADF2256-F94B-42AC-ACAF-A8B925A3F23B}.Release|Any CPU.Build.0 = Release|Any CPU
	EndGlobalSection
	GlobalSection(SolutionProperties) = preSolution
		HideSolutionNode = FALSE
	EndGlobalSection
	GlobalSection(ExtensibilityGlobals) = postSolution
		SolutionGuid = {96BF6280-972E-44F5-840C-C4C2A5E3A053}
	EndGlobalSection
EndGlobal
