
Microsoft Visual Studio Solution File, Format Version 12.00
# Visual Studio Version 16
VisualStudioVersion = 16.0.31005.135
MinimumVisualStudioVersion = 10.0.40219.1
Project("{FAE04EC0-301F-11D3-BF4B-00C04F79EFBC}") = "P01_Single Inheritance", "P01_Single Inheritance\P01_Single Inheritance.csproj", "{FC4319C6-D9CB-43C6-B45E-12595F341861}"
EndProject
Project("{FAE04EC0-301F-11D3-BF4B-00C04F79EFBC}") = "P02_Multiple Inheritance", "P02_Multiple Inheritance\P02_Multiple Inheritance.csproj", "{FE64B5D0-6A6B-427E-8252-91B9E248882F}"
EndProject
Project("{FAE04EC0-301F-11D3-BF4B-00C04F79EFBC}") = "P03_Hierarchical Inheritance", "P03_Hierarchical Inheritance\P03_Hierarchical Inheritance.csproj", "{6130AA9D-442F-418D-BAC0-B239DAFECBB1}"
EndProject
Global
	GlobalSection(SolutionConfigurationPlatforms) = preSolution
		Debug|Any CPU = Debug|Any CPU
		Release|Any CPU = Release|Any CPU
	EndGlobalSection
	GlobalSection(ProjectConfigurationPlatforms) = postSolution
		{FC4319C6-D9CB-43C6-B45E-12595F341861}.Debug|Any CPU.ActiveCfg = Debug|Any CPU
		{FC4319C6-D9CB-43C6-B45E-12595F341861}.Debug|Any CPU.Build.0 = Debug|Any CPU
		{FC4319C6-D9CB-43C6-B45E-12595F341861}.Release|Any CPU.ActiveCfg = Release|Any CPU
		{FC4319C6-D9CB-43C6-B45E-12595F341861}.Release|Any CPU.Build.0 = Release|Any CPU
		{FE64B5D0-6A6B-427E-8252-91B9E248882F}.Debug|Any CPU.ActiveCfg = Debug|Any CPU
		{FE64B5D0-6A6B-427E-8252-91B9E248882F}.Debug|Any CPU.Build.0 = Debug|Any CPU
		{FE64B5D0-6A6B-427E-8252-91B9E248882F}.Release|Any CPU.ActiveCfg = Release|Any CPU
		{FE64B5D0-6A6B-427E-8252-91B9E248882F}.Release|Any CPU.Build.0 = Release|Any CPU
		{6130AA9D-442F-418D-BAC0-B239DAFECBB1}.Debug|Any CPU.ActiveCfg = Debug|Any CPU
		{6130AA9D-442F-418D-BAC0-B239DAFECBB1}.Debug|Any CPU.Build.0 = Debug|Any CPU
		{6130AA9D-442F-418D-BAC0-B239DAFECBB1}.Release|Any CPU.ActiveCfg = Release|Any CPU
		{6130AA9D-442F-418D-BAC0-B239DAFECBB1}.Release|Any CPU.Build.0 = Release|Any CPU
	EndGlobalSection
	GlobalSection(SolutionProperties) = preSolution
		HideSolutionNode = FALSE
	EndGlobalSection
	GlobalSection(ExtensibilityGlobals) = postSolution
		SolutionGuid = {557F1507-2A33-496F-854E-F1A694174E1E}
	EndGlobalSection
EndGlobal
